
Microsoft Visual Studio Solution File, Format Version 12.00
# Visual Studio Version 17
VisualStudioVersion = 17.2.32630.192
MinimumVisualStudioVersion = 10.0.40219.1
Project("{FAE04EC0-301F-11D3-BF4B-00C04F79EFBC}") = "Technical-Interview", "Technical-Interview\Technical-Interview.csproj", "{7CEC3C5F-7668-40BF-AEB4-8C8470DD97EF}"
EndProject
Global
	GlobalSection(SolutionConfigurationPlatforms) = preSolution
		Debug|Any CPU = Debug|Any CPU
		Release|Any CPU = Release|Any CPU
	EndGlobalSection
	GlobalSection(ProjectConfigurationPlatforms) = postSolution
		{7CEC3C5F-7668-40BF-AEB4-8C8470DD97EF}.Debug|Any CPU.ActiveCfg = Debug|Any CPU
		{7CEC3C5F-7668-40BF-AEB4-8C8470DD97EF}.Debug|Any CPU.Build.0 = Debug|Any CPU
		{7CEC3C5F-7668-40BF-AEB4-8C8470DD97EF}.Release|Any CPU.ActiveCfg = Release|Any CPU
		{7CEC3C5F-7668-40BF-AEB4-8C8470DD97EF}.Release|Any CPU.Build.0 = Release|Any CPU
	EndGlobalSection
	GlobalSection(SolutionProperties) = preSolution
		HideSolutionNode = FALSE
	EndGlobalSection
	GlobalSection(ExtensibilityGlobals) = postSolution
		SolutionGuid = {9F8EC6D0-9514-4714-BF32-1F2F1E043993}
	EndGlobalSection
EndGlobal
